<?xml version="1.0" encoding="utf-8"?>
<Project ToolsVersion="4.0" xmlns="http://schemas.microsoft.com/developer/msbuild/2003">
  <ItemGroup>
    <Filter Include="Source Files">
      <UniqueIdentifier>{4FC737F1-C7A5-4376-A066-2A32D752A2FF}</UniqueIdentifier>
      <Extensions>cpp;c;cc;cxx;c++;cppm;ixx;def;odl;idl;hpj;bat;asm;asmx</Extensions>
    </Filter>
    <Filter Include="Header Files">
      <UniqueIdentifier>{93995380-89BD-4b04-88EB-625FBE52EBFB}</UniqueIdentifier>
      <Extensions>h;hh;hpp;hxx;h++;hm;inl;inc;ipp;xsd</Extensions>
    </Filter>
    <Filter Include="Resource Files">
      <UniqueIdentifier>{67DA6AB6-F800-4c08-8B7A-83BB121AAD01}</UniqueIdentifier>
      <Extensions>rc;ico;cur;bmp;dlg;rc2;rct;bin;rgs;gif;jpg;jpeg;jpe;resx;tiff;tif;png;wav;mfcribbon-ms</Extensions>
    </Filter>
  </ItemGroup>
  <ItemGroup>
    <ClCompile Include="src\main.cpp">
      <Filter>Source Files</Filter>
    </ClCompile>
    <ClCompile Include="src\glad.c">
      <Filter>Source Files</Filter>
    </ClCompile>
    <ClCompile Include="common\gl\CubeMap.hpp">
      <Filter>Source Files</Filter>
    </ClCompile>
    <ClCompile Include="common\Maths\AssimpGLMHelpers.hpp">
      <Filter>Source Files</Filter>
    </ClCompile>
  </ItemGroup>
  <ItemGroup>
    <ClInclude Include="src\world\Chunk.h">
      <Filter>Header Files</Filter>
    </ClInclude>
    <ClInclude Include="src\Block.h">
      <Filter>Header Files</Filter>
    </ClInclude>
    <ClInclude Include="src\entities\Entity.hpp">
      <Filter>Header Files</Filter>
    </ClInclude>
    <ClInclude Include="src\Engine.h">
      <Filter>Header Files</Filter>
    </ClInclude>
    <ClInclude Include="Utils\Time.hpp">
      <Filter>Header Files</Filter>
    </ClInclude>
    <ClInclude Include="Utils\State.h">
      <Filter>Header Files</Filter>
    </ClInclude>
    <ClInclude Include="Utils\SFMLCLock.hpp">
      <Filter>Header Files</Filter>
    </ClInclude>
    <ClInclude Include="gl\Camera.h">
      <Filter>Header Files</Filter>
    </ClInclude>
    <ClInclude Include="gl\Cubemap.h">
      <Filter>Header Files</Filter>
    </ClInclude>
    <ClInclude Include="gl\glErrors.h">
      <Filter>Header Files</Filter>
    </ClInclude>
    <ClInclude Include="gl\IndexBuffer.h">
      <Filter>Header Files</Filter>
    </ClInclude>
    <ClInclude Include="gl\Shaders.h">
      <Filter>Header Files</Filter>
    </ClInclude>
    <ClInclude Include="gl\Skybox.h">
      <Filter>Header Files</Filter>
    </ClInclude>
    <ClInclude Include="gl\Text.h">
      <Filter>Header Files</Filter>
    </ClInclude>
    <ClInclude Include="gl\Texture.h">
      <Filter>Header Files</Filter>
    </ClInclude>
    <ClInclude Include="gl\VertexArray.h">
      <Filter>Header Files</Filter>
    </ClInclude>
    <ClInclude Include="gl\FrameBuffer.h">
      <Filter>Header Files</Filter>
    </ClInclude>
    <ClInclude Include="common\gl\Camera.h">
      <Filter>Header Files</Filter>
    </ClInclude>
    <ClInclude Include="common\gl\Cubemap.h">
      <Filter>Header Files</Filter>
    </ClInclude>
    <ClInclude Include="common\gl\FrameBuffer.h">
      <Filter>Header Files</Filter>
    </ClInclude>
    <ClInclude Include="common\gl\glErrors.h">
      <Filter>Header Files</Filter>
    </ClInclude>
    <ClInclude Include="common\gl\IndexBuffer.h">
      <Filter>Header Files</Filter>
    </ClInclude>
    <ClInclude Include="common\gl\Shaders.h">
      <Filter>Header Files</Filter>
    </ClInclude>
    <ClInclude Include="common\gl\Text.h">
      <Filter>Header Files</Filter>
    </ClInclude>
    <ClInclude Include="common\gl\Texture.h">
      <Filter>Header Files</Filter>
    </ClInclude>
    <ClInclude Include="common\gl\VertexArray.h">
      <Filter>Header Files</Filter>
    </ClInclude>
    <ClInclude Include="common\Utilitiess\State.h">
      <Filter>Header Files</Filter>
    </ClInclude>
    <ClInclude Include="common\Utilitiess\Log.h">
      <Filter>Header Files</Filter>
    </ClInclude>
    <ClInclude Include="common\gl\Skybox.h">
      <Filter>Header Files</Filter>
    </ClInclude>
    <ClInclude Include="src\world\World.hpp">
      <Filter>Header Files</Filter>
    </ClInclude>
    <ClInclude Include="common\gl\FrameBuffer.hpp">
      <Filter>Header Files</Filter>
    </ClInclude>
    <ClInclude Include="common\gl\Shaders.hpp">
      <Filter>Header Files</Filter>
    </ClInclude>
    <ClInclude Include="common\gl\Texture.hpp">
      <Filter>Header Files</Filter>
    </ClInclude>
    <ClInclude Include="src\world\Chunk.hpp">
      <Filter>Header Files</Filter>
    </ClInclude>
    <ClInclude Include="src\entities\Player.hpp">
      <Filter>Header Files</Filter>
    </ClInclude>
    <ClInclude Include="common\Utils\Log.hpp">
      <Filter>Header Files</Filter>
    </ClInclude>
    <ClInclude Include="common\Utils\NonCopyable.hpp">
      <Filter>Header Files</Filter>
    </ClInclude>
    <ClInclude Include="common\Utils\Random.hpp">
      <Filter>Header Files</Filter>
    </ClInclude>
    <ClInclude Include="common\Utils\State.hpp">
      <Filter>Header Files</Filter>
    </ClInclude>
    <ClInclude Include="common\Utils\Time.hpp">
      <Filter>Header Files</Filter>
    </ClInclude>
    <ClInclude Include="common\Maths\Frustum.hpp">
      <Filter>Header Files</Filter>
    </ClInclude>
    <ClInclude Include="common\Maths\Camera.hpp">
      <Filter>Header Files</Filter>
    </ClInclude>
    <ClInclude Include="common\Utils\Window.hpp">
      <Filter>Header Files</Filter>
    </ClInclude>
    <ClInclude Include="src\world\Biome.hpp">
      <Filter>Header Files</Filter>
    </ClInclude>
    <ClInclude Include="src\Application.hpp">
      <Filter>Header Files</Filter>
    </ClInclude>
    <ClInclude Include="common\GUI\AssetManager.hpp">
      <Filter>Header Files</Filter>
    </ClInclude>
    <ClInclude Include="common\GUI\ParticleSystem.hpp">
      <Filter>Header Files</Filter>
    </ClInclude>
    <ClInclude Include="common\gl\TextureArray.hpp">
      <Filter>Header Files</Filter>
    </ClInclude>
    <ClInclude Include="common\GUI\Renderer2D.hpp">
      <Filter>Header Files</Filter>
    </ClInclude>
    <ClInclude Include="common\Renderer\Renderer.hpp">
      <Filter>Header Files</Filter>
    </ClInclude>
    <ClInclude Include="common\Maths\Ray.hpp">
      <Filter>Header Files</Filter>
    </ClInclude>
    <ClInclude Include="common\wc\pch.hpp">
      <Filter>Header Files</Filter>
    </ClInclude>
    <ClInclude Include="common\gl\VertexArray.hpp">
      <Filter>Header Files</Filter>
    </ClInclude>
    <ClInclude Include="common\gl\Buffer.hpp">
      <Filter>Header Files</Filter>
    </ClInclude>
    <ClInclude Include="common\wc\Model\Animation.hpp">
      <Filter>Header Files</Filter>
    </ClInclude>
    <ClInclude Include="common\wc\Model\Bone.hpp">
      <Filter>Header Files</Filter>
    </ClInclude>
    <ClInclude Include="common\wc\Model\Mesh.hpp">
      <Filter>Header Files</Filter>
    </ClInclude>
    <ClInclude Include="common\wc\Model\Model.hpp">
      <Filter>Header Files</Filter>
    </ClInclude>
    <ClInclude Include="common\net\message.hpp">
      <Filter>Header Files</Filter>
    </ClInclude>
    <ClInclude Include="common\net\net_client.hpp">
      <Filter>Header Files</Filter>
    </ClInclude>
    <ClInclude Include="common\net\net_common.hpp">
      <Filter>Header Files</Filter>
    </ClInclude>
    <ClInclude Include="common\net\net_connection.hpp">
      <Filter>Header Files</Filter>
    </ClInclude>
    <ClInclude Include="common\net\net_server.hpp">
      <Filter>Header Files</Filter>
    </ClInclude>
    <ClInclude Include="common\net\tsqueue.hpp">
      <Filter>Header Files</Filter>
    </ClInclude>
    <ClInclude Include="common\net\wc_net.hpp">
      <Filter>Header Files</Filter>
    </ClInclude>
    <ClInclude Include="src\world\Multiplayer.hpp">
      <Filter>Header Files</Filter>
    </ClInclude>
    <ClInclude Include="common\Utils\Bits.hpp">
      <Filter>Header Files</Filter>
    </ClInclude>
    <ClInclude Include="src\Game Mechanics\Inventory.hpp">
      <Filter>Header Files</Filter>
    </ClInclude>
    <ClInclude Include="src\Game Mechanics\Item.hpp">
      <Filter>Header Files</Filter>
    </ClInclude>
    <ClInclude Include="common\GUI\Textbox.hpp">
      <Filter>Header Files</Filter>
    </ClInclude>
    <ClInclude Include="common\GUI\Button.hpp">
      <Filter>Header Files</Filter>
    </ClInclude>
    <ClInclude Include="src\Game Mechanics\LineBatcher.hpp">
      <Filter>Header Files</Filter>
    </ClInclude>
    <ClInclude Include="src\Game Mechanics\ParticleSystem.hpp">
      <Filter>Header Files</Filter>
    </ClInclude>
    <ClInclude Include="src\world\Block.hpp">
      <Filter>Header Files</Filter>
    </ClInclude>
    <ClInclude Include="common\wc\Skybox.hpp">
      <Filter>Header Files</Filter>
    </ClInclude>
    <ClInclude Include="vendor\Include\FastNoise\FastNoiseLite.h">
      <Filter>Header Files</Filter>
    </ClInclude>
  </ItemGroup>
  <ItemGroup>
    <None Include="scripts\skybox.lua" />
    <None Include="scripts\grassblock.lua" />
    <None Include="shaderpacks\default\skybox.glsl" />
    <None Include="shaderpacks\default\screenShader.glsl" />
    <None Include="config\window.lua" />
    <None Include="scripts\dirt.lua" />
    <None Include="shaderpacks\default\particleShader.glsl" />
    <None Include="scripts\stone.lua" />
    <None Include="scripts\sand.lua" />
    <None Include="scripts\water.lua" />
    <None Include="shaderpacks\default\chunkShader.glsl" />
    <None Include="scripts\glass.lua" />
    <None Include="scripts\wood.lua" />
    <None Include="scripts\worldGen.lua" />
    <None Include="scripts\blocks.lua" />
    <None Include="scripts\snow.lua" />
    <None Include="scripts\haybale.lua" />
    <None Include="scripts\leaves.lua" />
    <None Include="scripts\red_flower.lua" />
    <None Include="scripts\coal_ore.lua" />
    <None Include="shaderpacks\default\Renderer2D.glsl" />
    <None Include="shaderpacks\default\modelShader.glsl" />
    <None Include="shaderpacks\default\Line3D.glsl" />
    <None Include="scripts\yellow_flower.lua" />
    <None Include="scripts\dead_bush.lua" />
    <None Include="scripts\small_grass.lua" />
    <None Include="scripts\iron_ore.lua" />
    <None Include="shaderpacks\default\pbrUtil.glsl" />
    <None Include="scripts\green_coral.lua" />
    <None Include="scripts\requirements.lua" />
  </ItemGroup>
</Project>